# THIS IS AN AUTOGENERATED FILE. DO NOT EDIT THIS FILE DIRECTLY.
# yarn lockfile v1


"@types/express@types/express":
  version "4.14.0"
  resolved "https://codeload.github.com/types/express/tar.gz/7670cf1cbce96b3159e3ff04a253926b34111220"
  dependencies:
    "@types/serve-static" "github:types/npm-serve-static#c1f96843c8b96a37f6c534cb1dadb48f5329e4e0"
    path-to-regexp "github:pillarjs/path-to-regexp#ec285ed3500aed455df59e3b8b07f473412918a4"

"@types/serve-static@github:types/npm-serve-static#c1f96843c8b96a37f6c534cb1dadb48f5329e4e0":
  version "1.11.1"
  resolved "https://codeload.github.com/types/npm-serve-static/tar.gz/c1f96843c8b96a37f6c534cb1dadb48f5329e4e0"

isarray@0.0.1:
  version "0.0.1"
  resolved "https://registry.yarnpkg.com/isarray/-/isarray-0.0.1.tgz#8a18acfca9a8f4177e09abfc6038939b05d1eedf"
  integrity sha512-D2S+3GLxWH+uhrNEcoh/fnmYeP8E8/zHl644d/jdA0g2uyXvy3sb0qxotE+ne0LtccHknQzWwZEzhak7oJ0COQ==

"path-to-regexp@github:pillarjs/path-to-regexp#ec285ed3500aed455df59e3b8b07f473412918a4":
  version "1.5.3"
  resolved "https://codeload.github.com/pillarjs/path-to-regexp/tar.gz/ec285ed3500aed455df59e3b8b07f473412918a4"
  dependencies:
    isarray "0.0.1"

typescript@^5.2.2:
  version "5.2.2"
  resolved "https://registry.yarnpkg.com/typescript/-/typescript-5.2.2.tgz#5ebb5e5a5b75f085f22bc3f8460fba308310fa78"
  integrity sha512-mI4WrpHsbCIcwT9cF4FZvr80QUeKvsUsUvKDoR+X/7XHQH98xYD8YHZg7ANtz2GtZt/CBq2QJ0thkGJMHfqc1w==

zod@^3.22.4:
  version "3.22.4"
  resolved "https://registry.yarnpkg.com/zod/-/zod-3.22.4.tgz#f31c3a9386f61b1f228af56faa9255e845cf3fff"
  integrity sha512-iC+8Io04lddc+mVqQ9AZ7OQ2MrUKGN+oIQyq1vemgt46jwCwLfhq7/pwnBnNXXXZb8VTVLKwp9EDkx+ryxIWmg==
